// !$*UTF8*$!
{
	archiveVersion = 1;
	classes = {
	};
	objectVersion = 56;
	objects = {

/* Begin PBXBuildFile section */
		9D986B1B2B336A2F009366AF /* healthGPTApp.swift in Sources */ = {isa = PBXBuildFile; fileRef = 9D986B1A2B336A2F009366AF /* healthGPTApp.swift */; };
		9D986B1D2B336A2F009366AF /* ContentView.swift in Sources */ = {isa = PBXBuildFile; fileRef = 9D986B1C2B336A2F009366AF /* ContentView.swift */; };
		9D986B1F2B336A30009366AF /* Assets.xcassets in Resources */ = {isa = PBXBuildFile; fileRef = 9D986B1E2B336A30009366AF /* Assets.xcassets */; };
		9D986B222B336A30009366AF /* Preview Assets.xcassets in Resources */ = {isa = PBXBuildFile; fileRef = 9D986B212B336A30009366AF /* Preview Assets.xcassets */; };
		9D986B2C2B336A30009366AF /* healthGPTTests.swift in Sources */ = {isa = PBXBuildFile; fileRef = 9D986B2B2B336A30009366AF /* healthGPTTests.swift */; };
		9D986B362B336A30009366AF /* healthGPTUITests.swift in Sources */ = {isa = PBXBuildFile; fileRef = 9D986B352B336A30009366AF /* healthGPTUITests.swift */; };
		9D986B382B336A30009366AF /* healthGPTUITestsLaunchTests.swift in Sources */ = {isa = PBXBuildFile; fileRef = 9D986B372B336A30009366AF /* healthGPTUITestsLaunchTests.swift */; };
		9D986B462B336CCB009366AF /* HealthDataManager.swift in Sources */ = {isa = PBXBuildFile; fileRef = 9D986B452B336CCB009366AF /* HealthDataManager.swift */; };
		9D986B482B336CEB009366AF /* ViewModel.swift in Sources */ = {isa = PBXBuildFile; fileRef = 9D986B472B336CEB009366AF /* ViewModel.swift */; };
		9D986B4A2B339422009366AF /* textRecognition.swift in Sources */ = {isa = PBXBuildFile; fileRef = 9D986B492B339422009366AF /* textRecognition.swift */; };
		9D986B4C2B3394B4009366AF /* OpenAISwiftModel.swift in Sources */ = {isa = PBXBuildFile; fileRef = 9D986B4B2B3394B4009366AF /* OpenAISwiftModel.swift */; };
		9D986B4E2B3394E7009366AF /* ChatMessageModel.swift in Sources */ = {isa = PBXBuildFile; fileRef = 9D986B4D2B3394E7009366AF /* ChatMessageModel.swift */; };
		9D986B502B339517009366AF /* OpenAIModelTypeModel.swift in Sources */ = {isa = PBXBuildFile; fileRef = 9D986B4F2B339517009366AF /* OpenAIModelTypeModel.swift */; };
		9D986B522B339541009366AF /* OpenAIModel.swift in Sources */ = {isa = PBXBuildFile; fileRef = 9D986B512B339541009366AF /* OpenAIModel.swift */; };
		9D986B542B33956D009366AF /* OpenAIEndpointModel.swift in Sources */ = {isa = PBXBuildFile; fileRef = 9D986B532B33956D009366AF /* OpenAIEndpointModel.swift */; };
		9D986B562B3395BD009366AF /* InstructionModel.swift in Sources */ = {isa = PBXBuildFile; fileRef = 9D986B552B3395BD009366AF /* InstructionModel.swift */; };
		9D986B582B3395DF009366AF /* CommandModel.swift in Sources */ = {isa = PBXBuildFile; fileRef = 9D986B572B3395DF009366AF /* CommandModel.swift */; };
		9D986B5A2B339612009366AF /* EmbeddingsInputModel.swift in Sources */ = {isa = PBXBuildFile; fileRef = 9D986B592B339612009366AF /* EmbeddingsInputModel.swift */; };
		9D986B5C2B339642009366AF /* ImageGenerationModel.swift in Sources */ = {isa = PBXBuildFile; fileRef = 9D986B5B2B339642009366AF /* ImageGenerationModel.swift */; };
		9DECCE9E2B38719100901E58 /* Config.plist in Resources */ = {isa = PBXBuildFile; fileRef = 9DECCE9D2B38719100901E58 /* Config.plist */; };
/* End PBXBuildFile section */

/* Begin PBXContainerItemProxy section */
		9D986B282B336A30009366AF /* PBXContainerItemProxy */ = {
			isa = PBXContainerItemProxy;
			containerPortal = 9D986B0F2B336A2F009366AF /* Project object */;
			proxyType = 1;
			remoteGlobalIDString = 9D986B162B336A2F009366AF;
			remoteInfo = healthGPT;
		};
		9D986B322B336A30009366AF /* PBXContainerItemProxy */ = {
			isa = PBXContainerItemProxy;
			containerPortal = 9D986B0F2B336A2F009366AF /* Project object */;
			proxyType = 1;
			remoteGlobalIDString = 9D986B162B336A2F009366AF;
			remoteInfo = healthGPT;
		};
/* End PBXContainerItemProxy section */

/* Begin PBXFileReference section */
		9D986B172B336A2F009366AF /* healthGPT.app */ = {isa = PBXFileReference; explicitFileType = wrapper.application; includeInIndex = 0; path = healthGPT.app; sourceTree = BUILT_PRODUCTS_DIR; };
		9D986B1A2B336A2F009366AF /* healthGPTApp.swift */ = {isa = PBXFileReference; lastKnownFileType = sourcecode.swift; path = healthGPTApp.swift; sourceTree = "<group>"; };
		9D986B1C2B336A2F009366AF /* ContentView.swift */ = {isa = PBXFileReference; lastKnownFileType = sourcecode.swift; path = ContentView.swift; sourceTree = "<group>"; };
		9D986B1E2B336A30009366AF /* Assets.xcassets */ = {isa = PBXFileReference; lastKnownFileType = folder.assetcatalog; path = Assets.xcassets; sourceTree = "<group>"; };
		9D986B212B336A30009366AF /* Preview Assets.xcassets */ = {isa = PBXFileReference; lastKnownFileType = folder.assetcatalog; path = "Preview Assets.xcassets"; sourceTree = "<group>"; };
		9D986B272B336A30009366AF /* healthGPTTests.xctest */ = {isa = PBXFileReference; explicitFileType = wrapper.cfbundle; includeInIndex = 0; path = healthGPTTests.xctest; sourceTree = BUILT_PRODUCTS_DIR; };
		9D986B2B2B336A30009366AF /* healthGPTTests.swift */ = {isa = PBXFileReference; lastKnownFileType = sourcecode.swift; path = healthGPTTests.swift; sourceTree = "<group>"; };
		9D986B312B336A30009366AF /* healthGPTUITests.xctest */ = {isa = PBXFileReference; explicitFileType = wrapper.cfbundle; includeInIndex = 0; path = healthGPTUITests.xctest; sourceTree = BUILT_PRODUCTS_DIR; };
		9D986B352B336A30009366AF /* healthGPTUITests.swift */ = {isa = PBXFileReference; lastKnownFileType = sourcecode.swift; path = healthGPTUITests.swift; sourceTree = "<group>"; };
		9D986B372B336A30009366AF /* healthGPTUITestsLaunchTests.swift */ = {isa = PBXFileReference; lastKnownFileType = sourcecode.swift; path = healthGPTUITestsLaunchTests.swift; sourceTree = "<group>"; };
		9D986B442B336A81009366AF /* healthGPT.entitlements */ = {isa = PBXFileReference; lastKnownFileType = text.plist.entitlements; path = healthGPT.entitlements; sourceTree = "<group>"; };
		9D986B452B336CCB009366AF /* HealthDataManager.swift */ = {isa = PBXFileReference; lastKnownFileType = sourcecode.swift; path = HealthDataManager.swift; sourceTree = "<group>"; };
		9D986B472B336CEB009366AF /* ViewModel.swift */ = {isa = PBXFileReference; lastKnownFileType = sourcecode.swift; path = ViewModel.swift; sourceTree = "<group>"; };
		9D986B492B339422009366AF /* textRecognition.swift */ = {isa = PBXFileReference; lastKnownFileType = sourcecode.swift; path = textRecognition.swift; sourceTree = "<group>"; };
		9D986B4B2B3394B4009366AF /* OpenAISwiftModel.swift */ = {isa = PBXFileReference; lastKnownFileType = sourcecode.swift; path = OpenAISwiftModel.swift; sourceTree = "<group>"; };
		9D986B4D2B3394E7009366AF /* ChatMessageModel.swift */ = {isa = PBXFileReference; lastKnownFileType = sourcecode.swift; path = ChatMessageModel.swift; sourceTree = "<group>"; };
		9D986B4F2B339517009366AF /* OpenAIModelTypeModel.swift */ = {isa = PBXFileReference; lastKnownFileType = sourcecode.swift; path = OpenAIModelTypeModel.swift; sourceTree = "<group>"; };
		9D986B512B339541009366AF /* OpenAIModel.swift */ = {isa = PBXFileReference; lastKnownFileType = sourcecode.swift; path = OpenAIModel.swift; sourceTree = "<group>"; };
		9D986B532B33956D009366AF /* OpenAIEndpointModel.swift */ = {isa = PBXFileReference; lastKnownFileType = sourcecode.swift; path = OpenAIEndpointModel.swift; sourceTree = "<group>"; };
		9D986B552B3395BD009366AF /* InstructionModel.swift */ = {isa = PBXFileReference; lastKnownFileType = sourcecode.swift; path = InstructionModel.swift; sourceTree = "<group>"; };
		9D986B572B3395DF009366AF /* CommandModel.swift */ = {isa = PBXFileReference; lastKnownFileType = sourcecode.swift; path = CommandModel.swift; sourceTree = "<group>"; };
		9D986B592B339612009366AF /* EmbeddingsInputModel.swift */ = {isa = PBXFileReference; lastKnownFileType = sourcecode.swift; path = EmbeddingsInputModel.swift; sourceTree = "<group>"; };
		9D986B5B2B339642009366AF /* ImageGenerationModel.swift */ = {isa = PBXFileReference; lastKnownFileType = sourcecode.swift; path = ImageGenerationModel.swift; sourceTree = "<group>"; };
		9DECCE9C2B37D1DE00901E58 /* Info.plist */ = {isa = PBXFileReference; lastKnownFileType = text.plist; path = Info.plist; sourceTree = "<group>"; };
		9DECCE9D2B38719100901E58 /* Config.plist */ = {isa = PBXFileReference; lastKnownFileType = text.plist.xml; path = Config.plist; sourceTree = "<group>"; };
/* End PBXFileReference section */

/* Begin PBXFrameworksBuildPhase section */
		9D986B142B336A2F009366AF /* Frameworks */ = {
			isa = PBXFrameworksBuildPhase;
			buildActionMask = 2147483647;
			files = (
			);
			runOnlyForDeploymentPostprocessing = 0;
		};
		9D986B242B336A30009366AF /* Frameworks */ = {
			isa = PBXFrameworksBuildPhase;
			buildActionMask = 2147483647;
			files = (
			);
			runOnlyForDeploymentPostprocessing = 0;
		};
		9D986B2E2B336A30009366AF /* Frameworks */ = {
			isa = PBXFrameworksBuildPhase;
			buildActionMask = 2147483647;
			files = (
			);
			runOnlyForDeploymentPostprocessing = 0;
		};
/* End PBXFrameworksBuildPhase section */

/* Begin PBXGroup section */
		9D986B0E2B336A2F009366AF = {
			isa = PBXGroup;
			children = (
				9D986B192B336A2F009366AF /* healthGPT */,
				9D986B2A2B336A30009366AF /* healthGPTTests */,
				9D986B342B336A30009366AF /* healthGPTUITests */,
				9D986B182B336A2F009366AF /* Products */,
			);
			sourceTree = "<group>";
		};
		9D986B182B336A2F009366AF /* Products */ = {
			isa = PBXGroup;
			children = (
				9D986B172B336A2F009366AF /* healthGPT.app */,
				9D986B272B336A30009366AF /* healthGPTTests.xctest */,
				9D986B312B336A30009366AF /* healthGPTUITests.xctest */,
			);
			name = Products;
			sourceTree = "<group>";
		};
		9D986B192B336A2F009366AF /* healthGPT */ = {
			isa = PBXGroup;
			children = (
				9DECCE9C2B37D1DE00901E58 /* Info.plist */,
				9D986B442B336A81009366AF /* healthGPT.entitlements */,
				9D986B1A2B336A2F009366AF /* healthGPTApp.swift */,
				9D986B1C2B336A2F009366AF /* ContentView.swift */,
				9D986B452B336CCB009366AF /* HealthDataManager.swift */,
				9D986B472B336CEB009366AF /* ViewModel.swift */,
				9D986B1E2B336A30009366AF /* Assets.xcassets */,
				9D986B202B336A30009366AF /* Preview Content */,
				9D986B492B339422009366AF /* textRecognition.swift */,
				9D986B4B2B3394B4009366AF /* OpenAISwiftModel.swift */,
				9D986B4D2B3394E7009366AF /* ChatMessageModel.swift */,
				9D986B4F2B339517009366AF /* OpenAIModelTypeModel.swift */,
				9D986B512B339541009366AF /* OpenAIModel.swift */,
				9D986B532B33956D009366AF /* OpenAIEndpointModel.swift */,
				9D986B552B3395BD009366AF /* InstructionModel.swift */,
				9D986B572B3395DF009366AF /* CommandModel.swift */,
				9D986B592B339612009366AF /* EmbeddingsInputModel.swift */,
				9D986B5B2B339642009366AF /* ImageGenerationModel.swift */,
				9DECCE9D2B38719100901E58 /* Config.plist */,
			);
			path = healthGPT;
			sourceTree = "<group>";
		};
		9D986B202B336A30009366AF /* Preview Content */ = {
			isa = PBXGroup;
			children = (
				9D986B212B336A30009366AF /* Preview Assets.xcassets */,
			);
			path = "Preview Content";
			sourceTree = "<group>";
		};
		9D986B2A2B336A30009366AF /* healthGPTTests */ = {
			isa = PBXGroup;
			children = (
				9D986B2B2B336A30009366AF /* healthGPTTests.swift */,
			);
			path = healthGPTTests;
			sourceTree = "<group>";
		};
		9D986B342B336A30009366AF /* healthGPTUITests */ = {
			isa = PBXGroup;
			children = (
				9D986B352B336A30009366AF /* healthGPTUITests.swift */,
				9D986B372B336A30009366AF /* healthGPTUITestsLaunchTests.swift */,
			);
			path = healthGPTUITests;
			sourceTree = "<group>";
		};
/* End PBXGroup section */

/* Begin PBXNativeTarget section */
		9D986B162B336A2F009366AF /* healthGPT */ = {
			isa = PBXNativeTarget;
			buildConfigurationList = 9D986B3B2B336A30009366AF /* Build configuration list for PBXNativeTarget "healthGPT" */;
			buildPhases = (
				9D986B132B336A2F009366AF /* Sources */,
				9D986B142B336A2F009366AF /* Frameworks */,
				9D986B152B336A2F009366AF /* Resources */,
			);
			buildRules = (
			);
			dependencies = (
			);
			name = healthGPT;
			productName = healthGPT;
			productReference = 9D986B172B336A2F009366AF /* healthGPT.app */;
			productType = "com.apple.product-type.application";
		};
		9D986B262B336A30009366AF /* healthGPTTests */ = {
			isa = PBXNativeTarget;
			buildConfigurationList = 9D986B3E2B336A30009366AF /* Build configuration list for PBXNativeTarget "healthGPTTests" */;
			buildPhases = (
				9D986B232B336A30009366AF /* Sources */,
				9D986B242B336A30009366AF /* Frameworks */,
				9D986B252B336A30009366AF /* Resources */,
			);
			buildRules = (
			);
			dependencies = (
				9D986B292B336A30009366AF /* PBXTargetDependency */,
			);
			name = healthGPTTests;
			productName = healthGPTTests;
			productReference = 9D986B272B336A30009366AF /* healthGPTTests.xctest */;
			productType = "com.apple.product-type.bundle.unit-test";
		};
		9D986B302B336A30009366AF /* healthGPTUITests */ = {
			isa = PBXNativeTarget;
			buildConfigurationList = 9D986B412B336A30009366AF /* Build configuration list for PBXNativeTarget "healthGPTUITests" */;
			buildPhases = (
				9D986B2D2B336A30009366AF /* Sources */,
				9D986B2E2B336A30009366AF /* Frameworks */,
				9D986B2F2B336A30009366AF /* Resources */,
			);
			buildRules = (
			);
			dependencies = (
				9D986B332B336A30009366AF /* PBXTargetDependency */,
			);
			name = healthGPTUITests;
			productName = healthGPTUITests;
			productReference = 9D986B312B336A30009366AF /* healthGPTUITests.xctest */;
			productType = "com.apple.product-type.bundle.ui-testing";
		};
/* End PBXNativeTarget section */

/* Begin PBXProject section */
		9D986B0F2B336A2F009366AF /* Project object */ = {
			isa = PBXProject;
			attributes = {
				BuildIndependentTargetsInParallel = 1;
				LastSwiftUpdateCheck = 1510;
				LastUpgradeCheck = 1510;
				TargetAttributes = {
					9D986B162B336A2F009366AF = {
						CreatedOnToolsVersion = 15.1;
					};
					9D986B262B336A30009366AF = {
						CreatedOnToolsVersion = 15.1;
						TestTargetID = 9D986B162B336A2F009366AF;
					};
					9D986B302B336A30009366AF = {
						CreatedOnToolsVersion = 15.1;
						TestTargetID = 9D986B162B336A2F009366AF;
					};
				};
			};
			buildConfigurationList = 9D986B122B336A2F009366AF /* Build configuration list for PBXProject "healthGPT" */;
			compatibilityVersion = "Xcode 14.0";
			developmentRegion = en;
			hasScannedForEncodings = 0;
			knownRegions = (
				en,
				Base,
			);
			mainGroup = 9D986B0E2B336A2F009366AF;
			productRefGroup = 9D986B182B336A2F009366AF /* Products */;
			projectDirPath = "";
			projectRoot = "";
			targets = (
				9D986B162B336A2F009366AF /* healthGPT */,
				9D986B262B336A30009366AF /* healthGPTTests */,
				9D986B302B336A30009366AF /* healthGPTUITests */,
			);
		};
/* End PBXProject section */

/* Begin PBXResourcesBuildPhase section */
		9D986B152B336A2F009366AF /* Resources */ = {
			isa = PBXResourcesBuildPhase;
			buildActionMask = 2147483647;
			files = (
				9D986B222B336A30009366AF /* Preview Assets.xcassets in Resources */,
				9DECCE9E2B38719100901E58 /* Config.plist in Resources */,
				9D986B1F2B336A30009366AF /* Assets.xcassets in Resources */,
			);
			runOnlyForDeploymentPostprocessing = 0;
		};
		9D986B252B336A30009366AF /* Resources */ = {
			isa = PBXResourcesBuildPhase;
			buildActionMask = 2147483647;
			files = (
			);
			runOnlyForDeploymentPostprocessing = 0;
		};
		9D986B2F2B336A30009366AF /* Resources */ = {
			isa = PBXResourcesBuildPhase;
			buildActionMask = 2147483647;
			files = (
			);
			runOnlyForDeploymentPostprocessing = 0;
		};
/* End PBXResourcesBuildPhase section */

/* Begin PBXSourcesBuildPhase section */
		9D986B132B336A2F009366AF /* Sources */ = {
			isa = PBXSourcesBuildPhase;
			buildActionMask = 2147483647;
			files = (
				9D986B1D2B336A2F009366AF /* ContentView.swift in Sources */,
				9D986B522B339541009366AF /* OpenAIModel.swift in Sources */,
				9D986B562B3395BD009366AF /* InstructionModel.swift in Sources */,
				9D986B1B2B336A2F009366AF /* healthGPTApp.swift in Sources */,
				9D986B5A2B339612009366AF /* EmbeddingsInputModel.swift in Sources */,
				9D986B5C2B339642009366AF /* ImageGenerationModel.swift in Sources */,
				9D986B482B336CEB009366AF /* ViewModel.swift in Sources */,
				9D986B582B3395DF009366AF /* CommandModel.swift in Sources */,
				9D986B542B33956D009366AF /* OpenAIEndpointModel.swift in Sources */,
				9D986B462B336CCB009366AF /* HealthDataManager.swift in Sources */,
				9D986B4A2B339422009366AF /* textRecognition.swift in Sources */,
				9D986B502B339517009366AF /* OpenAIModelTypeModel.swift in Sources */,
				9D986B4C2B3394B4009366AF /* OpenAISwiftModel.swift in Sources */,
				9D986B4E2B3394E7009366AF /* ChatMessageModel.swift in Sources */,
			);
			runOnlyForDeploymentPostprocessing = 0;
		};
		9D986B232B336A30009366AF /* Sources */ = {
			isa = PBXSourcesBuildPhase;
			buildActionMask = 2147483647;
			files = (
				9D986B2C2B336A30009366AF /* healthGPTTests.swift in Sources */,
			);
			runOnlyForDeploymentPostprocessing = 0;
		};
		9D986B2D2B336A30009366AF /* Sources */ = {
			isa = PBXSourcesBuildPhase;
			buildActionMask = 2147483647;
			files = (
				9D986B382B336A30009366AF /* healthGPTUITestsLaunchTests.swift in Sources */,
				9D986B362B336A30009366AF /* healthGPTUITests.swift in Sources */,
			);
			runOnlyForDeploymentPostprocessing = 0;
		};
/* End PBXSourcesBuildPhase section */

/* Begin PBXTargetDependency section */
		9D986B292B336A30009366AF /* PBXTargetDependency */ = {
			isa = PBXTargetDependency;
			target = 9D986B162B336A2F009366AF /* healthGPT */;
			targetProxy = 9D986B282B336A30009366AF /* PBXContainerItemProxy */;
		};
		9D986B332B336A30009366AF /* PBXTargetDependency */ = {
			isa = PBXTargetDependency;
			target = 9D986B162B336A2F009366AF /* healthGPT */;
			targetProxy = 9D986B322B336A30009366AF /* PBXContainerItemProxy */;
		};
/* End PBXTargetDependency section */

/* Begin XCBuildConfiguration section */
		9D986B392B336A30009366AF /* Debug */ = {
			isa = XCBuildConfiguration;
			buildSettings = {
				ALWAYS_SEARCH_USER_PATHS = NO;
				ASSETCATALOG_COMPILER_GENERATE_SWIFT_ASSET_SYMBOL_EXTENSIONS = YES;
				CLANG_ANALYZER_NONNULL = YES;
				CLANG_ANALYZER_NUMBER_OBJECT_CONVERSION = YES_AGGRESSIVE;
				CLANG_CXX_LANGUAGE_STANDARD = "gnu++20";
				CLANG_ENABLE_MODULES = YES;
				CLANG_ENABLE_OBJC_ARC = YES;
				CLANG_ENABLE_OBJC_WEAK = YES;
				CLANG_WARN_BLOCK_CAPTURE_AUTORELEASING = YES;
				CLANG_WARN_BOOL_CONVERSION = YES;
				CLANG_WARN_COMMA = YES;
				CLANG_WARN_CONSTANT_CONVERSION = YES;
				CLANG_WARN_DEPRECATED_OBJC_IMPLEMENTATIONS = YES;
				CLANG_WARN_DIRECT_OBJC_ISA_USAGE = YES_ERROR;
				CLANG_WARN_DOCUMENTATION_COMMENTS = YES;
				CLANG_WARN_EMPTY_BODY = YES;
				CLANG_WARN_ENUM_CONVERSION = YES;
				CLANG_WARN_INFINITE_RECURSION = YES;
				CLANG_WARN_INT_CONVERSION = YES;
				CLANG_WARN_NON_LITERAL_NULL_CONVERSION = YES;
				CLANG_WARN_OBJC_IMPLICIT_RETAIN_SELF = YES;
				CLANG_WARN_OBJC_LITERAL_CONVERSION = YES;
				CLANG_WARN_OBJC_ROOT_CLASS = YES_ERROR;
				CLANG_WARN_QUOTED_INCLUDE_IN_FRAMEWORK_HEADER = YES;
				CLANG_WARN_RANGE_LOOP_ANALYSIS = YES;
				CLANG_WARN_STRICT_PROTOTYPES = YES;
				CLANG_WARN_SUSPICIOUS_MOVE = YES;
				CLANG_WARN_UNGUARDED_AVAILABILITY = YES_AGGRESSIVE;
				CLANG_WARN_UNREACHABLE_CODE = YES;
				CLANG_WARN__DUPLICATE_METHOD_MATCH = YES;
				COPY_PHASE_STRIP = NO;
				DEBUG_INFORMATION_FORMAT = dwarf;
				ENABLE_STRICT_OBJC_MSGSEND = YES;
				ENABLE_TESTABILITY = YES;
				ENABLE_USER_SCRIPT_SANDBOXING = YES;
				GCC_C_LANGUAGE_STANDARD = gnu17;
				GCC_DYNAMIC_NO_PIC = NO;
				GCC_NO_COMMON_BLOCKS = YES;
				GCC_OPTIMIZATION_LEVEL = 0;
				GCC_PREPROCESSOR_DEFINITIONS = (
					"DEBUG=1",
					"$(inherited)",
				);
				GCC_WARN_64_TO_32_BIT_CONVERSION = YES;
				GCC_WARN_ABOUT_RETURN_TYPE = YES_ERROR;
				GCC_WARN_UNDECLARED_SELECTOR = YES;
				GCC_WARN_UNINITIALIZED_AUTOS = YES_AGGRESSIVE;
				GCC_WARN_UNUSED_FUNCTION = YES;
				GCC_WARN_UNUSED_VARIABLE = YES;
				IPHONEOS_DEPLOYMENT_TARGET = 17.2;
				LOCALIZATION_PREFERS_STRING_CATALOGS = YES;
				MTL_ENABLE_DEBUG_INFO = INCLUDE_SOURCE;
				MTL_FAST_MATH = YES;
				ONLY_ACTIVE_ARCH = YES;
				SDKROOT = iphoneos;
				SWIFT_ACTIVE_COMPILATION_CONDITIONS = "DEBUG $(inherited)";
				SWIFT_OPTIMIZATION_LEVEL = "-Onone";
			};
			name = Debug;
		};
		9D986B3A2B336A30009366AF /* Release */ = {
			isa = XCBuildConfiguration;
			buildSettings = {
				ALWAYS_SEARCH_USER_PATHS = NO;
				ASSETCATALOG_COMPILER_GENERATE_SWIFT_ASSET_SYMBOL_EXTENSIONS = YES;
				CLANG_ANALYZER_NONNULL = YES;
				CLANG_ANALYZER_NUMBER_OBJECT_CONVERSION = YES_AGGRESSIVE;
				CLANG_CXX_LANGUAGE_STANDARD = "gnu++20";
				CLANG_ENABLE_MODULES = YES;
				CLANG_ENABLE_OBJC_ARC = YES;
				CLANG_ENABLE_OBJC_WEAK = YES;
				CLANG_WARN_BLOCK_CAPTURE_AUTORELEASING = YES;
				CLANG_WARN_BOOL_CONVERSION = YES;
				CLANG_WARN_COMMA = YES;
				CLANG_WARN_CONSTANT_CONVERSION = YES;
				CLANG_WARN_DEPRECATED_OBJC_IMPLEMENTATIONS = YES;
				CLANG_WARN_DIRECT_OBJC_ISA_USAGE = YES_ERROR;
				CLANG_WARN_DOCUMENTATION_COMMENTS = YES;
				CLANG_WARN_EMPTY_BODY = YES;
				CLANG_WARN_ENUM_CONVERSION = YES;
				CLANG_WARN_INFINITE_RECURSION = YES;
				CLANG_WARN_INT_CONVERSION = YES;
				CLANG_WARN_NON_LITERAL_NULL_CONVERSION = YES;
				CLANG_WARN_OBJC_IMPLICIT_RETAIN_SELF = YES;
				CLANG_WARN_OBJC_LITERAL_CONVERSION = YES;
				CLANG_WARN_OBJC_ROOT_CLASS = YES_ERROR;
				CLANG_WARN_QUOTED_INCLUDE_IN_FRAMEWORK_HEADER = YES;
				CLANG_WARN_RANGE_LOOP_ANALYSIS = YES;
				CLANG_WARN_STRICT_PROTOTYPES = YES;
				CLANG_WARN_SUSPICIOUS_MOVE = YES;
				CLANG_WARN_UNGUARDED_AVAILABILITY = YES_AGGRESSIVE;
				CLANG_WARN_UNREACHABLE_CODE = YES;
				CLANG_WARN__DUPLICATE_METHOD_MATCH = YES;
				COPY_PHASE_STRIP = NO;
				DEBUG_INFORMATION_FORMAT = "dwarf-with-dsym";
				ENABLE_NS_ASSERTIONS = NO;
				ENABLE_STRICT_OBJC_MSGSEND = YES;
				ENABLE_USER_SCRIPT_SANDBOXING = YES;
				GCC_C_LANGUAGE_STANDARD = gnu17;
				GCC_NO_COMMON_BLOCKS = YES;
				GCC_WARN_64_TO_32_BIT_CONVERSION = YES;
				GCC_WARN_ABOUT_RETURN_TYPE = YES_ERROR;
				GCC_WARN_UNDECLARED_SELECTOR = YES;
				GCC_WARN_UNINITIALIZED_AUTOS = YES_AGGRESSIVE;
				GCC_WARN_UNUSED_FUNCTION = YES;
				GCC_WARN_UNUSED_VARIABLE = YES;
				IPHONEOS_DEPLOYMENT_TARGET = 17.2;
				LOCALIZATION_PREFERS_STRING_CATALOGS = YES;
				MTL_ENABLE_DEBUG_INFO = NO;
				MTL_FAST_MATH = YES;
				SDKROOT = iphoneos;
				SWIFT_COMPILATION_MODE = wholemodule;
				VALIDATE_PRODUCT = YES;
			};
			name = Release;
		};
		9D986B3C2B336A30009366AF /* Debug */ = {
			isa = XCBuildConfiguration;
			buildSettings = {
				ASSETCATALOG_COMPILER_APPICON_NAME = AppIcon;
				ASSETCATALOG_COMPILER_GLOBAL_ACCENT_COLOR_NAME = AccentColor;
				CODE_SIGN_ENTITLEMENTS = healthGPT/healthGPT.entitlements;
				CODE_SIGN_STYLE = Automatic;
				CURRENT_PROJECT_VERSION = 1;
				DEVELOPMENT_ASSET_PATHS = "\"healthGPT/Preview Content\"";
				DEVELOPMENT_TEAM = 3U5XRWGSB9;
				ENABLE_PREVIEWS = YES;
				GENERATE_INFOPLIST_FILE = YES;
				INFOPLIST_FILE = healthGPT/Info.plist;
				INFOPLIST_KEY_NSCalendarsUsageDescription = "We need access to your calendar to retrieve sleep focus times.";
				INFOPLIST_KEY_NSHealthShareUsageDescription = "Allow this app to access your health data";
				INFOPLIST_KEY_UIApplicationSceneManifest_Generation = YES;
				INFOPLIST_KEY_UIApplicationSupportsIndirectInputEvents = YES;
				INFOPLIST_KEY_UILaunchScreen_Generation = YES;
				INFOPLIST_KEY_UISupportedInterfaceOrientations_iPad = "UIInterfaceOrientationPortrait UIInterfaceOrientationPortraitUpsideDown UIInterfaceOrientationLandscapeLeft UIInterfaceOrientationLandscapeRight";
				INFOPLIST_KEY_UISupportedInterfaceOrientations_iPhone = "UIInterfaceOrientationPortrait UIInterfaceOrientationLandscapeLeft UIInterfaceOrientationLandscapeRight";
				IPHONEOS_DEPLOYMENT_TARGET = 17.1;
				LD_RUNPATH_SEARCH_PATHS = (
					"$(inherited)",
					"@executable_path/Frameworks",
				);
				MARKETING_VERSION = 1.0;
				PRODUCT_BUNDLE_IDENTIFIER = com.rove.app.healthGPT;
				PRODUCT_NAME = "$(TARGET_NAME)";
				SWIFT_EMIT_LOC_STRINGS = YES;
				SWIFT_VERSION = 5.0;
				TARGETED_DEVICE_FAMILY = "1,2";
			};
			name = Debug;
		};
		9D986B3D2B336A30009366AF /* Release */ = {
			isa = XCBuildConfiguration;
			buildSettings = {
				ASSETCATALOG_COMPILER_APPICON_NAME = AppIcon;
				ASSETCATALOG_COMPILER_GLOBAL_ACCENT_COLOR_NAME = AccentColor;
				CODE_SIGN_ENTITLEMENTS = healthGPT/healthGPT.entitlements;
				CODE_SIGN_STYLE = Automatic;
				CURRENT_PROJECT_VERSION = 1;
				DEVELOPMENT_ASSET_PATHS = "\"healthGPT/Preview Content\"";
				DEVELOPMENT_TEAM = 3U5XRWGSB9;
				ENABLE_PREVIEWS = YES;
				GENERATE_INFOPLIST_FILE = YES;
				INFOPLIST_FILE = healthGPT/Info.plist;
				INFOPLIST_KEY_NSCalendarsUsageDescription = "We need access to your calendar to retrieve sleep focus times.";
				INFOPLIST_KEY_NSHealthShareUsageDescription = "Allow this app to access your health data";
				INFOPLIST_KEY_UIApplicationSceneManifest_Generation = YES;
				INFOPLIST_KEY_UIApplicationSupportsIndirectInputEvents = YES;
				INFOPLIST_KEY_UILaunchScreen_Generation = YES;
				INFOPLIST_KEY_UISupportedInterfaceOrientations_iPad = "UIInterfaceOrientationPortrait UIInterfaceOrientationPortraitUpsideDown UIInterfaceOrientationLandscapeLeft UIInterfaceOrientationLandscapeRight";
				INFOPLIST_KEY_UISupportedInterfaceOrientations_iPhone = "UIInterfaceOrientationPortrait UIInterfaceOrientationLandscapeLeft UIInterfaceOrientationLandscapeRight";
				IPHONEOS_DEPLOYMENT_TARGET = 17.1;
				LD_RUNPATH_SEARCH_PATHS = (
					"$(inherited)",
					"@executable_path/Frameworks",
				);
				MARKETING_VERSION = 1.0;
				PRODUCT_BUNDLE_IDENTIFIER = com.rove.app.healthGPT;
				PRODUCT_NAME = "$(TARGET_NAME)";
				SWIFT_EMIT_LOC_STRINGS = YES;
				SWIFT_VERSION = 5.0;
				TARGETED_DEVICE_FAMILY = "1,2";
			};
			name = Release;
		};
		9D986B3F2B336A30009366AF /* Debug */ = {
			isa = XCBuildConfiguration;
			buildSettings = {
				ALWAYS_EMBED_SWIFT_STANDARD_LIBRARIES = YES;
				BUNDLE_LOADER = "$(TEST_HOST)";
				CODE_SIGN_STYLE = Automatic;
				CURRENT_PROJECT_VERSION = 1;
				DEVELOPMENT_TEAM = 3U5XRWGSB9;
				GENERATE_INFOPLIST_FILE = YES;
				IPHONEOS_DEPLOYMENT_TARGET = 17.2;
				MARKETING_VERSION = 1.0;
				PRODUCT_BUNDLE_IDENTIFIER = com.rove.app.healthGPTTests;
				PRODUCT_NAME = "$(TARGET_NAME)";
				SWIFT_EMIT_LOC_STRINGS = NO;
				SWIFT_VERSION = 5.0;
				TARGETED_DEVICE_FAMILY = "1,2";
				TEST_HOST = "$(BUILT_PRODUCTS_DIR)/healthGPT.app/$(BUNDLE_EXECUTABLE_FOLDER_PATH)/healthGPT";
			};
			name = Debug;
		};
		9D986B402B336A30009366AF /* Release */ = {
			isa = XCBuildConfiguration;
			buildSettings = {
				ALWAYS_EMBED_SWIFT_STANDARD_LIBRARIES = YES;
				BUNDLE_LOADER = "$(TEST_HOST)";
				CODE_SIGN_STYLE = Automatic;
				CURRENT_PROJECT_VERSION = 1;
				DEVELOPMENT_TEAM = 3U5XRWGSB9;
				GENERATE_INFOPLIST_FILE = YES;
				IPHONEOS_DEPLOYMENT_TARGET = 17.2;
				MARKETING_VERSION = 1.0;
				PRODUCT_BUNDLE_IDENTIFIER = com.rove.app.healthGPTTests;
				PRODUCT_NAME = "$(TARGET_NAME)";
				SWIFT_EMIT_LOC_STRINGS = NO;
				SWIFT_VERSION = 5.0;
				TARGETED_DEVICE_FAMILY = "1,2";
				TEST_HOST = "$(BUILT_PRODUCTS_DIR)/healthGPT.app/$(BUNDLE_EXECUTABLE_FOLDER_PATH)/healthGPT";
			};
			name = Release;
		};
		9D986B422B336A30009366AF /* Debug */ = {
			isa = XCBuildConfiguration;
			buildSettings = {
				ALWAYS_EMBED_SWIFT_STANDARD_LIBRARIES = YES;
				CODE_SIGN_STYLE = Automatic;
				CURRENT_PROJECT_VERSION = 1;
				DEVELOPMENT_TEAM = 3U5XRWGSB9;
				GENERATE_INFOPLIST_FILE = YES;
				MARKETING_VERSION = 1.0;
				PRODUCT_BUNDLE_IDENTIFIER = com.rove.app.healthGPTUITests;
				PRODUCT_NAME = "$(TARGET_NAME)";
				SWIFT_EMIT_LOC_STRINGS = NO;
				SWIFT_VERSION = 5.0;
				TARGETED_DEVICE_FAMILY = "1,2";
				TEST_TARGET_NAME = healthGPT;
			};
			name = Debug;
		};
		9D986B432B336A30009366AF /* Release */ = {
			isa = XCBuildConfiguration;
			buildSettings = {
				ALWAYS_EMBED_SWIFT_STANDARD_LIBRARIES = YES;
				CODE_SIGN_STYLE = Automatic;
				CURRENT_PROJECT_VERSION = 1;
				DEVELOPMENT_TEAM = 3U5XRWGSB9;
				GENERATE_INFOPLIST_FILE = YES;
				MARKETING_VERSION = 1.0;
				PRODUCT_BUNDLE_IDENTIFIER = com.rove.app.healthGPTUITests;
				PRODUCT_NAME = "$(TARGET_NAME)";
				SWIFT_EMIT_LOC_STRINGS = NO;
				SWIFT_VERSION = 5.0;
				TARGETED_DEVICE_FAMILY = "1,2";
				TEST_TARGET_NAME = healthGPT;
			};
			name = Release;
		};
/* End XCBuildConfiguration section */

/* Begin XCConfigurationList section */
		9D986B122B336A2F009366AF /* Build configuration list for PBXProject "healthGPT" */ = {
			isa = XCConfigurationList;
			buildConfigurations = (
				9D986B392B336A30009366AF /* Debug */,
				9D986B3A2B336A30009366AF /* Release */,
			);
			defaultConfigurationIsVisible = 0;
			defaultConfigurationName = Release;
		};
		9D986B3B2B336A30009366AF /* Build configuration list for PBXNativeTarget "healthGPT" */ = {
			isa = XCConfigurationList;
			buildConfigurations = (
				9D986B3C2B336A30009366AF /* Debug */,
				9D986B3D2B336A30009366AF /* Release */,
			);
			defaultConfigurationIsVisible = 0;
			defaultConfigurationName = Release;
		};
		9D986B3E2B336A30009366AF /* Build configuration list for PBXNativeTarget "healthGPTTests" */ = {
			isa = XCConfigurationList;
			buildConfigurations = (
				9D986B3F2B336A30009366AF /* Debug */,
				9D986B402B336A30009366AF /* Release */,
			);
			defaultConfigurationIsVisible = 0;
			defaultConfigurationName = Release;
		};
		9D986B412B336A30009366AF /* Build configuration list for PBXNativeTarget "healthGPTUITests" */ = {
			isa = XCConfigurationList;
			buildConfigurations = (
				9D986B422B336A30009366AF /* Debug */,
				9D986B432B336A30009366AF /* Release */,
			);
			defaultConfigurationIsVisible = 0;
			defaultConfigurationName = Release;
		};
/* End XCConfigurationList section */
	};
	rootObject = 9D986B0F2B336A2F009366AF /* Project object */;
}
